
Microsoft Visual Studio Solution File, Format Version 12.00
# Visual Studio Version 16
VisualStudioVersion = 16.0.30907.101
MinimumVisualStudioVersion = 10.0.40219.1
Project("{FAE04EC0-301F-11D3-BF4B-00C04F79EFBC}") = "UserManagementSystem", "UserManagementSystem.csproj", "{5F20409F-32C4-4BE3-BC1B-2F0F27F008E9}"
EndProject
Global
	GlobalSection(SolutionConfigurationPlatforms) = preSolution
		Debug|Any CPU = Debug|Any CPU
		Release|Any CPU = Release|Any CPU
	EndGlobalSection
	GlobalSection(ProjectConfigurationPlatforms) = postSolution
		{5F20409F-32C4-4BE3-BC1B-2F0F27F008E9}.Debug|Any CPU.ActiveCfg = Debug|Any CPU
		{5F20409F-32C4-4BE3-BC1B-2F0F27F008E9}.Debug|Any CPU.Build.0 = Debug|Any CPU
		{5F20409F-32C4-4BE3-BC1B-2F0F27F008E9}.Release|Any CPU.ActiveCfg = Release|Any CPU
		{5F20409F-32C4-4BE3-BC1B-2F0F27F008E9}.Release|Any CPU.Build.0 = Release|Any CPU
	EndGlobalSection
	GlobalSection(SolutionProperties) = preSolution
		HideSolutionNode = FALSE
	EndGlobalSection
	GlobalSection(ExtensibilityGlobals) = postSolution
		SolutionGuid = {0FB59792-61FB-4DF0-8770-0A155F39B626}
	EndGlobalSection
EndGlobal
